
Microsoft Visual Studio Solution File, Format Version 12.00
# Visual Studio 15
Project("{FAE04EC0-301F-11D3-BF4B-00C04F79EFBC}") = "Assembly-CSharp", "Assembly-CSharp.csproj", "{8A07384A-50AA-A4A8-5402-22843176B2C6}"
EndProject
Project("{FAE04EC0-301F-11D3-BF4B-00C04F79EFBC}") = "Assembly-CSharp-Editor", "Assembly-CSharp-Editor.csproj", "{9CF4B20C-556D-D799-009D-E84C2398A5C7}"
EndProject
Global
	GlobalSection(SolutionConfigurationPlatforms) = preSolution
		Debug|Any CPU = Debug|Any CPU
		Release|Any CPU = Release|Any CPU
	EndGlobalSection
	GlobalSection(ProjectConfigurationPlatforms) = postSolution
		{8A07384A-50AA-A4A8-5402-22843176B2C6}.Debug|Any CPU.ActiveCfg = Debug|Any CPU
		{8A07384A-50AA-A4A8-5402-22843176B2C6}.Debug|Any CPU.Build.0 = Debug|Any CPU
		{8A07384A-50AA-A4A8-5402-22843176B2C6}.Release|Any CPU.ActiveCfg = Release|Any CPU
		{8A07384A-50AA-A4A8-5402-22843176B2C6}.Release|Any CPU.Build.0 = Release|Any CPU
		{9CF4B20C-556D-D799-009D-E84C2398A5C7}.Debug|Any CPU.ActiveCfg = Debug|Any CPU
		{9CF4B20C-556D-D799-009D-E84C2398A5C7}.Debug|Any CPU.Build.0 = Debug|Any CPU
		{9CF4B20C-556D-D799-009D-E84C2398A5C7}.Release|Any CPU.ActiveCfg = Release|Any CPU
		{9CF4B20C-556D-D799-009D-E84C2398A5C7}.Release|Any CPU.Build.0 = Release|Any CPU
	EndGlobalSection
	GlobalSection(SolutionProperties) = preSolution
		HideSolutionNode = FALSE
	EndGlobalSection
EndGlobal
